version = 1
revision = 3
requires-python = "==3.13.3"

[[package]]
name = "e2e"
version = "0.1.0"
source = { virtual = "." }
dependencies = [
    { name = "playwright" },
]

[package.metadata]
requires-dist = [{ name = "playwright", specifier = "==1.53.0" }]

[[package]]
name = "greenlet"
version = "3.3.2"
source = { registry = "https://pypi.org/simple" }
sdist = { url = "https://files.pythonhosted.org/packages/a3/51/1664f6b78fc6ebbd98019a1fd730e83fa78f2db7058f72b1463d3612b8db/greenlet-3.3.2.tar.gz", hash = "sha256:2eaf067fc6d886931c7962e8c6bede15d2f01965560f3359b27c80bde2d151f2", size = 188267, upload-time = "2026-02-20T20:54:15.531Z" }
wheels = [
    { url = "https://files.pythonhosted.org/packages/ac/48/f8b875fa7dea7dd9b33245e37f065af59df6a25af2f9561efa8d822fde51/greenlet-3.3.2-cp313-cp313-macosx_11_0_universal2.whl", hash = "sha256:aa6ac98bdfd716a749b84d4034486863fd81c3abde9aa3cf8eff9127981a4ae4", size = 279120, upload-time = "2026-02-20T20:19:01.9Z" },
    { url = "https://files.pythonhosted.org/packages/49/8d/9771d03e7a8b1ee456511961e1b97a6d77ae1dea4a34a5b98eee706689d3/greenlet-3.3.2-cp313-cp313-manylinux_2_24_aarch64.manylinux_2_28_aarch64.whl", hash = "sha256:ab0c7e7901a00bc0a7284907273dc165b32e0d109a6713babd04471327ff7986", size = 603238, upload-time = "2026-02-20T20:47:32.873Z" },
    { url = "https://files.pythonhosted.org/packages/59/0e/4223c2bbb63cd5c97f28ffb2a8aee71bdfb30b323c35d409450f51b91e3e/greenlet-3.3.2-cp313-cp313-manylinux_2_24_ppc64le.manylinux_2_28_ppc64le.whl", hash = "sha256:d248d8c23c67d2291ffd47af766e2a3aa9fa1c6703155c099feb11f526c63a92", size = 614219, upload-time = "2026-02-20T20:55:59.817Z" },
    { url = "https://files.pythonhosted.org/packages/94/2b/4d012a69759ac9d77210b8bfb128bc621125f5b20fc398bce3940d036b1c/greenlet-3.3.2-cp313-cp313-manylinux_2_24_s390x.manylinux_2_28_s390x.whl", hash = "sha256:ccd21bb86944ca9be6d967cf7691e658e43417782bce90b5d2faeda0ff78a7dd", size = 628268, upload-time = "2026-02-20T21:02:48.024Z" },
    { url = "https://files.pythonhosted.org/packages/7a/34/259b28ea7a2a0c904b11cd36c79b8cef8019b26ee5dbe24e73b469dea347/greenlet-3.3.2-cp313-cp313-manylinux_2_24_x86_64.manylinux_2_28_x86_64.whl", hash = "sha256:b6997d360a4e6a4e936c0f9625b1c20416b8a0ea18a8e19cabbefc712e7397ab", size = 616774, upload-time = "2026-02-20T20:21:02.454Z" },
    { url = "https://files.pythonhosted.org/packages/0a/03/996c2d1689d486a6e199cb0f1cf9e4aa940c500e01bdf201299d7d61fa69/greenlet-3.3.2-cp313-cp313-musllinux_1_2_aarch64.whl", hash = "sha256:64970c33a50551c7c50491671265d8954046cb6e8e2999aacdd60e439b70418a", size = 1571277, upload-time = "2026-02-20T20:49:34.795Z" },
    { url = "https://files.pythonhosted.org/packages/d9/c4/2570fc07f34a39f2caf0bf9f24b0a1a0a47bc2e8e465b2c2424821389dfc/greenlet-3.3.2-cp313-cp313-musllinux_1_2_x86_64.whl", hash = "sha256:1a9172f5bf6bd88e6ba5a84e0a68afeac9dc7b6b412b245dd64f52d83c81e55b", size = 1640455, upload-time = "2026-02-20T20:21:10.261Z" },
    { url = "https://files.pythonhosted.org/packages/91/39/5ef5aa23bc545aa0d31e1b9b55822b32c8da93ba657295840b6b34124009/greenlet-3.3.2-cp313-cp313-win_amd64.whl", hash = "sha256:a7945dd0eab63ded0a48e4dcade82939783c172290a7903ebde9e184333ca124", size = 230961, upload-time = "2026-02-20T20:16:58.461Z" },
    { url = "https://files.pythonhosted.org/packages/62/6b/a89f8456dcb06becff288f563618e9f20deed8dd29beea14f9a168aef64b/greenlet-3.3.2-cp313-cp313-win_arm64.whl", hash = "sha256:394ead29063ee3515b4e775216cb756b2e3b4a7e55ae8fd884f17fa579e6b327", size = 230221, upload-time = "2026-02-20T20:17:37.152Z" },
]

[[package]]
name = "playwright"
version = "1.53.0"
source = { registry = "https://pypi.org/simple" }
dependencies = [
    { name = "greenlet" },
    { name = "pyee" },
]
wheels = [
    { url = "https://files.pythonhosted.org/packages/f5/e2/2f107be74419280749723bd1197c99351f4b8a0a25e974b9764affb940b2/playwright-1.53.0-py3-none-macosx_10_13_x86_64.whl", hash = "sha256:48a1a15ce810f0ffe512b6050de9871ea193b41dd3cc1bbed87b8431012419ba", size = 40392498, upload-time = "2025-06-25T21:48:34.17Z" },
    { url = "https://files.pythonhosted.org/packages/ac/d5/e8c57a4f6fd46059fb2d51da2d22b47afc886b42400f06b742cd4a9ba131/playwright-1.53.0-py3-none-macosx_11_0_arm64.whl", hash = "sha256:a701f9498a5b87e3f929ec01cea3109fbde75821b19c7ba4bba54f6127b94f76", size = 38647035, upload-time = "2025-06-25T21:48:38.414Z" },
    { url = "https://files.pythonhosted.org/packages/4d/f3/da18cd7c22398531316e58fd131243fd9156fe7765aae239ae542a5d07d2/playwright-1.53.0-py3-none-macosx_11_0_universal2.whl", hash = "sha256:f765498341c4037b4c01e742ae32dd335622f249488ccd77ca32d301d7c82c61", size = 40392502, upload-time = "2025-06-25T21:48:42.293Z" },
    { url = "https://files.pythonhosted.org/packages/92/32/5d871c3753fbee5113eefc511b9e44c0006a27f2301b4c6bffa4346fbd94/playwright-1.53.0-py3-none-manylinux1_x86_64.whl", hash = "sha256:db19cb5b58f3b15cad3e2419f4910c053e889202fc202461ee183f1530d1db60", size = 45848364, upload-time = "2025-06-25T21:48:45.849Z" },
    { url = "https://files.pythonhosted.org/packages/dc/6b/9942f86661ff41332f9299db4950623123e60ca71e4fb6e6942fc0212624/playwright-1.53.0-py3-none-manylinux_2_17_aarch64.manylinux2014_aarch64.whl", hash = "sha256:9276c9c935fc062f51f4f5107e56420afd6d9a524348dc437793dc2e34c742e3", size = 45235174, upload-time = "2025-06-25T21:48:49.579Z" },
    { url = "https://files.pythonhosted.org/packages/51/63/28b3f2d36e6a95e88f033d2aa7af06083f6f4aa0d9764759d96033cd053e/playwright-1.53.0-py3-none-win32.whl", hash = "sha256:36eedec101724ff5a000cddab87dd9a72a39f9b3e65a687169c465484e667c06", size = 35415131, upload-time = "2025-06-25T21:48:53.403Z" },
    { url = "https://files.pythonhosted.org/packages/a9/b5/4ca25974a90d16cfd4a9a953ee5a666cf484a0bdacb4eed484e5cab49e66/playwright-1.53.0-py3-none-win_amd64.whl", hash = "sha256:d68975807a0fd997433537f1dcf2893cda95884a39dc23c6f591b8d5f691e9e8", size = 35415138, upload-time = "2025-06-25T21:48:57.082Z" },
    { url = "https://files.pythonhosted.org/packages/9a/81/b42ff2116df5d07ccad2dc4eeb20af92c975a1fbc7cd3ed37b678468b813/playwright-1.53.0-py3-none-win_arm64.whl", hash = "sha256:fcfd481f76568d7b011571160e801b47034edd9e2383c43d83a5fb3f35c67885", size = 31188568, upload-time = "2025-06-25T21:49:00.194Z" },
]

[[package]]
name = "pyee"
version = "13.0.1"
source = { registry = "https://pypi.org/simple" }
dependencies = [
    { name = "typing-extensions" },
]
sdist = { url = "https://files.pythonhosted.org/packages/8b/04/e7c1fe4dc78a6fdbfd6c337b1c3732ff543b8a397683ab38378447baa331/pyee-13.0.1.tar.gz", hash = "sha256:0b931f7c14535667ed4c7e0d531716368715e860b988770fc7eb8578d1f67fc8", size = 31655, upload-time = "2026-02-14T21:12:28.044Z" }
wheels = [
    { url = "https://files.pythonhosted.org/packages/a0/c4/b4d4827c93ef43c01f599ef31453ccc1c132b353284fc6c87d535c233129/pyee-13.0.1-py3-none-any.whl", hash = "sha256:af2f8fede4171ef667dfded53f96e2ed0d6e6bd7ee3bb46437f77e3b57689228", size = 15659, upload-time = "2026-02-14T21:12:26.263Z" },
]

[[package]]
name = "typing-extensions"
version = "4.15.0"
source = { registry = "https://pypi.org/simple" }
sdist = { url = "https://files.pythonhosted.org/packages/72/94/1a15dd82efb362ac84269196e94cf00f187f7ed21c242792a923cdb1c61f/typing_extensions-4.15.0.tar.gz", hash = "sha256:0cea48d173cc12fa28ecabc3b837ea3cf6f38c6d1136f85cbaaf598984861466", size = 109391, upload-time = "2025-08-25T13:49:26.313Z" }
wheels = [
    { url = "https://files.pythonhosted.org/packages/18/67/36e9267722cc04a6b9f15c7f3441c2363321a3ea07da7ae0c0707beb2a9c/typing_extensions-4.15.0-py3-none-any.whl", hash = "sha256:f0fa19c6845758ab08074a0cfa8b7aecb71c999ca73d62883bc25cc018c4e548", size = 44614, upload-time = "2025-08-25T13:49:24.86Z" },
]
